
Microsoft Visual Studio Solution File, Format Version 12.00
# Visual Studio 15
VisualStudioVersion = 15.0.28307.329
MinimumVisualStudioVersion = 10.0.40219.1
Project("{FAE04EC0-301F-11D3-BF4B-00C04F79EFBC}") = "boterkaareneiren", "boterkaareneiren\boterkaareneiren.csproj", "{EB8B4248-5A33-4C70-B012-E1C09D6237F7}"
EndProject
Project("{FAE04EC0-301F-11D3-BF4B-00C04F79EFBC}") = "WindowsFormsApp1", "WindowsFormsApp1\WindowsFormsApp1.csproj", "{1AAE46B1-F40A-4185-9BA6-39DC737C2527}"
EndProject
Global
	GlobalSection(SolutionConfigurationPlatforms) = preSolution
		Debug|Any CPU = Debug|Any CPU
		Release|Any CPU = Release|Any CPU
	EndGlobalSection
	GlobalSection(ProjectConfigurationPlatforms) = postSolution
		{EB8B4248-5A33-4C70-B012-E1C09D6237F7}.Debug|Any CPU.ActiveCfg = Debug|Any CPU
		{EB8B4248-5A33-4C70-B012-E1C09D6237F7}.Debug|Any CPU.Build.0 = Debug|Any CPU
		{EB8B4248-5A33-4C70-B012-E1C09D6237F7}.Release|Any CPU.ActiveCfg = Release|Any CPU
		{EB8B4248-5A33-4C70-B012-E1C09D6237F7}.Release|Any CPU.Build.0 = Release|Any CPU
		{1AAE46B1-F40A-4185-9BA6-39DC737C2527}.Debug|Any CPU.ActiveCfg = Debug|Any CPU
		{1AAE46B1-F40A-4185-9BA6-39DC737C2527}.Debug|Any CPU.Build.0 = Debug|Any CPU
		{1AAE46B1-F40A-4185-9BA6-39DC737C2527}.Release|Any CPU.ActiveCfg = Release|Any CPU
		{1AAE46B1-F40A-4185-9BA6-39DC737C2527}.Release|Any CPU.Build.0 = Release|Any CPU
	EndGlobalSection
	GlobalSection(SolutionProperties) = preSolution
		HideSolutionNode = FALSE
	EndGlobalSection
	GlobalSection(ExtensibilityGlobals) = postSolution
		SolutionGuid = {E68B86CB-952D-4933-A60F-174F07B576E6}
	EndGlobalSection
EndGlobal
