
Microsoft Visual Studio Solution File, Format Version 12.00
# Visual Studio 15
VisualStudioVersion = 15.0.28307.539
MinimumVisualStudioVersion = 10.0.40219.1
Project("{FAE04EC0-301F-11D3-BF4B-00C04F79EFBC}") = "bke2", "bke2\bke2.csproj", "{625753FE-B47A-432F-BB10-72AA612DACD7}"
EndProject
Global
	GlobalSection(SolutionConfigurationPlatforms) = preSolution
		Debug|Any CPU = Debug|Any CPU
		Release|Any CPU = Release|Any CPU
	EndGlobalSection
	GlobalSection(ProjectConfigurationPlatforms) = postSolution
		{625753FE-B47A-432F-BB10-72AA612DACD7}.Debug|Any CPU.ActiveCfg = Debug|Any CPU
		{625753FE-B47A-432F-BB10-72AA612DACD7}.Debug|Any CPU.Build.0 = Debug|Any CPU
		{625753FE-B47A-432F-BB10-72AA612DACD7}.Release|Any CPU.ActiveCfg = Release|Any CPU
		{625753FE-B47A-432F-BB10-72AA612DACD7}.Release|Any CPU.Build.0 = Release|Any CPU
	EndGlobalSection
	GlobalSection(SolutionProperties) = preSolution
		HideSolutionNode = FALSE
	EndGlobalSection
	GlobalSection(ExtensibilityGlobals) = postSolution
		SolutionGuid = {2AB2F386-1018-4E8C-A271-516544853417}
	EndGlobalSection
EndGlobal
